// !$*UTF8*$!
{
	archiveVersion = 1;
	classes = {
	};
	objectVersion = 56;
	objects = {

/* Begin PBXBuildFile section */
		FE058FD82BA8ED4D00F14D53 /* VochitoCristianApp.swift in Sources */ = {isa = PBXBuildFile; fileRef = FE058FD72BA8ED4D00F14D53 /* VochitoCristianApp.swift */; };
		FE058FDA2BA8ED4D00F14D53 /* ContentView.swift in Sources */ = {isa = PBXBuildFile; fileRef = FE058FD92BA8ED4D00F14D53 /* ContentView.swift */; };
		FE058FDC2BA8ED4F00F14D53 /* Assets.xcassets in Resources */ = {isa = PBXBuildFile; fileRef = FE058FDB2BA8ED4F00F14D53 /* Assets.xcassets */; };
		FE058FDF2BA8ED4F00F14D53 /* Preview Assets.xcassets in Resources */ = {isa = PBXBuildFile; fileRef = FE058FDE2BA8ED4F00F14D53 /* Preview Assets.xcassets */; };
		FE058FE62BA8ED8200F14D53 /* BluetoothManager.swift in Sources */ = {isa = PBXBuildFile; fileRef = FE058FE52BA8ED8200F14D53 /* BluetoothManager.swift */; };
/* End PBXBuildFile section */

/* Begin PBXFileReference section */
		FE058FD42BA8ED4D00F14D53 /* BochitoCristian.app */ = {isa = PBXFileReference; explicitFileType = wrapper.application; includeInIndex = 0; path = BochitoCristian.app; sourceTree = BUILT_PRODUCTS_DIR; };
		FE058FD72BA8ED4D00F14D53 /* VochitoCristianApp.swift */ = {isa = PBXFileReference; lastKnownFileType = sourcecode.swift; path = VochitoCristianApp.swift; sourceTree = "<group>"; };
		FE058FD92BA8ED4D00F14D53 /* ContentView.swift */ = {isa = PBXFileReference; lastKnownFileType = sourcecode.swift; path = ContentView.swift; sourceTree = "<group>"; };
		FE058FDB2BA8ED4F00F14D53 /* Assets.xcassets */ = {isa = PBXFileReference; lastKnownFileType = folder.assetcatalog; path = Assets.xcassets; sourceTree = "<group>"; };
		FE058FDE2BA8ED4F00F14D53 /* Preview Assets.xcassets */ = {isa = PBXFileReference; lastKnownFileType = folder.assetcatalog; path = "Preview Assets.xcassets"; sourceTree = "<group>"; };
		FE058FE52BA8ED8200F14D53 /* BluetoothManager.swift */ = {isa = PBXFileReference; lastKnownFileType = sourcecode.swift; path = BluetoothManager.swift; sourceTree = "<group>"; };
/* End PBXFileReference section */

/* Begin PBXFrameworksBuildPhase section */
		FE058FD12BA8ED4D00F14D53 /* Frameworks */ = {
			isa = PBXFrameworksBuildPhase;
			buildActionMask = 2147483647;
			files = (
			);
			runOnlyForDeploymentPostprocessing = 0;
		};
/* End PBXFrameworksBuildPhase section */

/* Begin PBXGroup section */
		FE058FCB2BA8ED4D00F14D53 = {
			isa = PBXGroup;
			children = (
				FE058FD62BA8ED4D00F14D53 /* BochitoCristian */,
				FE058FD52BA8ED4D00F14D53 /* Products */,
			);
			sourceTree = "<group>";
		};
		FE058FD52BA8ED4D00F14D53 /* Products */ = {
			isa = PBXGroup;
			children = (
				FE058FD42BA8ED4D00F14D53 /* BochitoCristian.app */,
			);
			name = Products;
			sourceTree = "<group>";
		};
		FE058FD62BA8ED4D00F14D53 /* BochitoCristian */ = {
			isa = PBXGroup;
			children = (
				FE058FD72BA8ED4D00F14D53 /* VochitoCristianApp.swift */,
				FE058FD92BA8ED4D00F14D53 /* ContentView.swift */,
				FE058FE52BA8ED8200F14D53 /* BluetoothManager.swift */,
				FE058FDB2BA8ED4F00F14D53 /* Assets.xcassets */,
				FE058FDD2BA8ED4F00F14D53 /* Preview Content */,
			);
			path = BochitoCristian;
			sourceTree = "<group>";
		};
		FE058FDD2BA8ED4F00F14D53 /* Preview Content */ = {
			isa = PBXGroup;
			children = (
				FE058FDE2BA8ED4F00F14D53 /* Preview Assets.xcassets */,
			);
			path = "Preview Content";
			sourceTree = "<group>";
		};
/* End PBXGroup section */

/* Begin PBXNativeTarget section */
		FE058FD32BA8ED4D00F14D53 /* BochitoCristian */ = {
			isa = PBXNativeTarget;
			buildConfigurationList = FE058FE22BA8ED4F00F14D53 /* Build configuration list for PBXNativeTarget "BochitoCristian" */;
			buildPhases = (
				FE058FD02BA8ED4D00F14D53 /* Sources */,
				FE058FD12BA8ED4D00F14D53 /* Frameworks */,
				FE058FD22BA8ED4D00F14D53 /* Resources */,
			);
			buildRules = (
			);
			dependencies = (
			);
			name = BochitoCristian;
			productName = BochitoCristian;
			productReference = FE058FD42BA8ED4D00F14D53 /* BochitoCristian.app */;
			productType = "com.apple.product-type.application";
		};
/* End PBXNativeTarget section */

/* Begin PBXProject section */
		FE058FCC2BA8ED4D00F14D53 /* Project object */ = {
			isa = PBXProject;
			attributes = {
				BuildIndependentTargetsInParallel = 1;
				LastSwiftUpdateCheck = 1510;
				LastUpgradeCheck = 1510;
				TargetAttributes = {
					FE058FD32BA8ED4D00F14D53 = {
						CreatedOnToolsVersion = 15.1;
					};
				};
			};
			buildConfigurationList = FE058FCF2BA8ED4D00F14D53 /* Build configuration list for PBXProject "BochitoCristian" */;
			compatibilityVersion = "Xcode 14.0";
			developmentRegion = en;
			hasScannedForEncodings = 0;
			knownRegions = (
				en,
				Base,
			);
			mainGroup = FE058FCB2BA8ED4D00F14D53;
			productRefGroup = FE058FD52BA8ED4D00F14D53 /* Products */;
			projectDirPath = "";
			projectRoot = "";
			targets = (
				FE058FD32BA8ED4D00F14D53 /* BochitoCristian */,
			);
		};
/* End PBXProject section */

/* Begin PBXResourcesBuildPhase section */
		FE058FD22BA8ED4D00F14D53 /* Resources */ = {
			isa = PBXResourcesBuildPhase;
			buildActionMask = 2147483647;
			files = (
				FE058FDF2BA8ED4F00F14D53 /* Preview Assets.xcassets in Resources */,
				FE058FDC2BA8ED4F00F14D53 /* Assets.xcassets in Resources */,
			);
			runOnlyForDeploymentPostprocessing = 0;
		};
/* End PBXResourcesBuildPhase section */

/* Begin PBXSourcesBuildPhase section */
		FE058FD02BA8ED4D00F14D53 /* Sources */ = {
			isa = PBXSourcesBuildPhase;
			buildActionMask = 2147483647;
			files = (
				FE058FDA2BA8ED4D00F14D53 /* ContentView.swift in Sources */,
				FE058FE62BA8ED8200F14D53 /* BluetoothManager.swift in Sources */,
				FE058FD82BA8ED4D00F14D53 /* VochitoCristianApp.swift in Sources */,
			);
			runOnlyForDeploymentPostprocessing = 0;
		};
/* End PBXSourcesBuildPhase section */

/* Begin XCBuildConfiguration section */
		FE058FE02BA8ED4F00F14D53 /* Debug */ = {
			isa = XCBuildConfiguration;
			buildSettings = {
				ALWAYS_SEARCH_USER_PATHS = NO;
				ASSETCATALOG_COMPILER_GENERATE_SWIFT_ASSET_SYMBOL_EXTENSIONS = YES;
				CLANG_ANALYZER_NONNULL = YES;
				CLANG_ANALYZER_NUMBER_OBJECT_CONVERSION = YES_AGGRESSIVE;
				CLANG_CXX_LANGUAGE_STANDARD = "gnu++20";
				CLANG_ENABLE_MODULES = YES;
				CLANG_ENABLE_OBJC_ARC = YES;
				CLANG_ENABLE_OBJC_WEAK = YES;
				CLANG_WARN_BLOCK_CAPTURE_AUTORELEASING = YES;
				CLANG_WARN_BOOL_CONVERSION = YES;
				CLANG_WARN_COMMA = YES;
				CLANG_WARN_CONSTANT_CONVERSION = YES;
				CLANG_WARN_DEPRECATED_OBJC_IMPLEMENTATIONS = YES;
				CLANG_WARN_DIRECT_OBJC_ISA_USAGE = YES_ERROR;
				CLANG_WARN_DOCUMENTATION_COMMENTS = YES;
				CLANG_WARN_EMPTY_BODY = YES;
				CLANG_WARN_ENUM_CONVERSION = YES;
				CLANG_WARN_INFINITE_RECURSION = YES;
				CLANG_WARN_INT_CONVERSION = YES;
				CLANG_WARN_NON_LITERAL_NULL_CONVERSION = YES;
				CLANG_WARN_OBJC_IMPLICIT_RETAIN_SELF = YES;
				CLANG_WARN_OBJC_LITERAL_CONVERSION = YES;
				CLANG_WARN_OBJC_ROOT_CLASS = YES_ERROR;
				CLANG_WARN_QUOTED_INCLUDE_IN_FRAMEWORK_HEADER = YES;
				CLANG_WARN_RANGE_LOOP_ANALYSIS = YES;
				CLANG_WARN_STRICT_PROTOTYPES = YES;
				CLANG_WARN_SUSPICIOUS_MOVE = YES;
				CLANG_WARN_UNGUARDED_AVAILABILITY = YES_AGGRESSIVE;
				CLANG_WARN_UNREACHABLE_CODE = YES;
				CLANG_WARN__DUPLICATE_METHOD_MATCH = YES;
				COPY_PHASE_STRIP = NO;
				DEBUG_INFORMATION_FORMAT = dwarf;
				ENABLE_STRICT_OBJC_MSGSEND = YES;
				ENABLE_TESTABILITY = YES;
				ENABLE_USER_SCRIPT_SANDBOXING = YES;
				GCC_C_LANGUAGE_STANDARD = gnu17;
				GCC_DYNAMIC_NO_PIC = NO;
				GCC_NO_COMMON_BLOCKS = YES;
				GCC_OPTIMIZATION_LEVEL = 0;
				GCC_PREPROCESSOR_DEFINITIONS = (
					"DEBUG=1",
					"$(inherited)",
				);
				GCC_WARN_64_TO_32_BIT_CONVERSION = YES;
				GCC_WARN_ABOUT_RETURN_TYPE = YES_ERROR;
				GCC_WARN_UNDECLARED_SELECTOR = YES;
				GCC_WARN_UNINITIALIZED_AUTOS = YES_AGGRESSIVE;
				GCC_WARN_UNUSED_FUNCTION = YES;
				GCC_WARN_UNUSED_VARIABLE = YES;
				IPHONEOS_DEPLOYMENT_TARGET = 16.3;
				LOCALIZATION_PREFERS_STRING_CATALOGS = YES;
				MTL_ENABLE_DEBUG_INFO = INCLUDE_SOURCE;
				MTL_FAST_MATH = YES;
				ONLY_ACTIVE_ARCH = YES;
				SDKROOT = iphoneos;
				SWIFT_ACTIVE_COMPILATION_CONDITIONS = "DEBUG $(inherited)";
				SWIFT_OPTIMIZATION_LEVEL = "-Onone";
			};
			name = Debug;
		};
		FE058FE12BA8ED4F00F14D53 /* Release */ = {
			isa = XCBuildConfiguration;
			buildSettings = {
				ALWAYS_SEARCH_USER_PATHS = NO;
				ASSETCATALOG_COMPILER_GENERATE_SWIFT_ASSET_SYMBOL_EXTENSIONS = YES;
				CLANG_ANALYZER_NONNULL = YES;
				CLANG_ANALYZER_NUMBER_OBJECT_CONVERSION = YES_AGGRESSIVE;
				CLANG_CXX_LANGUAGE_STANDARD = "gnu++20";
				CLANG_ENABLE_MODULES = YES;
				CLANG_ENABLE_OBJC_ARC = YES;
				CLANG_ENABLE_OBJC_WEAK = YES;
				CLANG_WARN_BLOCK_CAPTURE_AUTORELEASING = YES;
				CLANG_WARN_BOOL_CONVERSION = YES;
				CLANG_WARN_COMMA = YES;
				CLANG_WARN_CONSTANT_CONVERSION = YES;
				CLANG_WARN_DEPRECATED_OBJC_IMPLEMENTATIONS = YES;
				CLANG_WARN_DIRECT_OBJC_ISA_USAGE = YES_ERROR;
				CLANG_WARN_DOCUMENTATION_COMMENTS = YES;
				CLANG_WARN_EMPTY_BODY = YES;
				CLANG_WARN_ENUM_CONVERSION = YES;
				CLANG_WARN_INFINITE_RECURSION = YES;
				CLANG_WARN_INT_CONVERSION = YES;
				CLANG_WARN_NON_LITERAL_NULL_CONVERSION = YES;
				CLANG_WARN_OBJC_IMPLICIT_RETAIN_SELF = YES;
				CLANG_WARN_OBJC_LITERAL_CONVERSION = YES;
				CLANG_WARN_OBJC_ROOT_CLASS = YES_ERROR;
				CLANG_WARN_QUOTED_INCLUDE_IN_FRAMEWORK_HEADER = YES;
				CLANG_WARN_RANGE_LOOP_ANALYSIS = YES;
				CLANG_WARN_STRICT_PROTOTYPES = YES;
				CLANG_WARN_SUSPICIOUS_MOVE = YES;
				CLANG_WARN_UNGUARDED_AVAILABILITY = YES_AGGRESSIVE;
				CLANG_WARN_UNREACHABLE_CODE = YES;
				CLANG_WARN__DUPLICATE_METHOD_MATCH = YES;
				COPY_PHASE_STRIP = NO;
				DEBUG_INFORMATION_FORMAT = "dwarf-with-dsym";
				ENABLE_NS_ASSERTIONS = NO;
				ENABLE_STRICT_OBJC_MSGSEND = YES;
				ENABLE_USER_SCRIPT_SANDBOXING = YES;
				GCC_C_LANGUAGE_STANDARD = gnu17;
				GCC_NO_COMMON_BLOCKS = YES;
				GCC_WARN_64_TO_32_BIT_CONVERSION = YES;
				GCC_WARN_ABOUT_RETURN_TYPE = YES_ERROR;
				GCC_WARN_UNDECLARED_SELECTOR = YES;
				GCC_WARN_UNINITIALIZED_AUTOS = YES_AGGRESSIVE;
				GCC_WARN_UNUSED_FUNCTION = YES;
				GCC_WARN_UNUSED_VARIABLE = YES;
				IPHONEOS_DEPLOYMENT_TARGET = 16.3;
				LOCALIZATION_PREFERS_STRING_CATALOGS = YES;
				MTL_ENABLE_DEBUG_INFO = NO;
				MTL_FAST_MATH = YES;
				SDKROOT = iphoneos;
				SWIFT_COMPILATION_MODE = wholemodule;
				VALIDATE_PRODUCT = YES;
			};
			name = Release;
		};
		FE058FE32BA8ED4F00F14D53 /* Debug */ = {
			isa = XCBuildConfiguration;
			buildSettings = {
				ASSETCATALOG_COMPILER_APPICON_NAME = AppIcon;
				ASSETCATALOG_COMPILER_GLOBAL_ACCENT_COLOR_NAME = AccentColor;
				CODE_SIGN_STYLE = Automatic;
				CURRENT_PROJECT_VERSION = 1;
				DEVELOPMENT_ASSET_PATHS = "\"BochitoCristian/Preview Content\"";
				DEVELOPMENT_TEAM = UA5WZQFXTH;
				ENABLE_PREVIEWS = YES;
				GENERATE_INFOPLIST_FILE = YES;
				INFOPLIST_KEY_NSBluetoothAlwaysUsageDescription = "Esta aplicación necesita acceso a Bluetooth para conectarse a dispositivos.";
				INFOPLIST_KEY_NSBluetoothPeripheralUsageDescription = "Esta aplicación necesita acceso a Bluetooth para conectarse a dispositivos.";
				INFOPLIST_KEY_UIApplicationSceneManifest_Generation = YES;
				INFOPLIST_KEY_UIApplicationSupportsIndirectInputEvents = YES;
				INFOPLIST_KEY_UILaunchScreen_Generation = YES;
				INFOPLIST_KEY_UISupportedInterfaceOrientations = UIInterfaceOrientationPortrait;
				LD_RUNPATH_SEARCH_PATHS = (
					"$(inherited)",
					"@executable_path/Frameworks",
				);
				MARKETING_VERSION = 1.0;
				PRODUCT_BUNDLE_IDENTIFIER = com.biohackers.ITT.BochitoCristian;
				PRODUCT_NAME = "$(TARGET_NAME)";
				SWIFT_EMIT_LOC_STRINGS = YES;
				SWIFT_VERSION = 5.0;
				TARGETED_DEVICE_FAMILY = "1,2";
			};
			name = Debug;
		};
		FE058FE42BA8ED4F00F14D53 /* Release */ = {
			isa = XCBuildConfiguration;
			buildSettings = {
				ASSETCATALOG_COMPILER_APPICON_NAME = AppIcon;
				ASSETCATALOG_COMPILER_GLOBAL_ACCENT_COLOR_NAME = AccentColor;
				CODE_SIGN_STYLE = Automatic;
				CURRENT_PROJECT_VERSION = 1;
				DEVELOPMENT_ASSET_PATHS = "\"BochitoCristian/Preview Content\"";
				DEVELOPMENT_TEAM = UA5WZQFXTH;
				ENABLE_PREVIEWS = YES;
				GENERATE_INFOPLIST_FILE = YES;
				INFOPLIST_KEY_NSBluetoothAlwaysUsageDescription = "Esta aplicación necesita acceso a Bluetooth para conectarse a dispositivos.";
				INFOPLIST_KEY_NSBluetoothPeripheralUsageDescription = "Esta aplicación necesita acceso a Bluetooth para conectarse a dispositivos.";
				INFOPLIST_KEY_UIApplicationSceneManifest_Generation = YES;
				INFOPLIST_KEY_UIApplicationSupportsIndirectInputEvents = YES;
				INFOPLIST_KEY_UILaunchScreen_Generation = YES;
				INFOPLIST_KEY_UISupportedInterfaceOrientations = UIInterfaceOrientationPortrait;
				LD_RUNPATH_SEARCH_PATHS = (
					"$(inherited)",
					"@executable_path/Frameworks",
				);
				MARKETING_VERSION = 1.0;
				PRODUCT_BUNDLE_IDENTIFIER = com.biohackers.ITT.BochitoCristian;
				PRODUCT_NAME = "$(TARGET_NAME)";
				SWIFT_EMIT_LOC_STRINGS = YES;
				SWIFT_VERSION = 5.0;
				TARGETED_DEVICE_FAMILY = "1,2";
			};
			name = Release;
		};
/* End XCBuildConfiguration section */

/* Begin XCConfigurationList section */
		FE058FCF2BA8ED4D00F14D53 /* Build configuration list for PBXProject "BochitoCristian" */ = {
			isa = XCConfigurationList;
			buildConfigurations = (
				FE058FE02BA8ED4F00F14D53 /* Debug */,
				FE058FE12BA8ED4F00F14D53 /* Release */,
			);
			defaultConfigurationIsVisible = 0;
			defaultConfigurationName = Release;
		};
		FE058FE22BA8ED4F00F14D53 /* Build configuration list for PBXNativeTarget "BochitoCristian" */ = {
			isa = XCConfigurationList;
			buildConfigurations = (
				FE058FE32BA8ED4F00F14D53 /* Debug */,
				FE058FE42BA8ED4F00F14D53 /* Release */,
			);
			defaultConfigurationIsVisible = 0;
			defaultConfigurationName = Release;
		};
/* End XCConfigurationList section */
	};
	rootObject = FE058FCC2BA8ED4D00F14D53 /* Project object */;
}
